{
  "requires": true,
  "lockfileVersion": 1,
  "dependencies": {
    "tsparticles": {
      "version": "1.42.4",
      "resolved": "https://registry.npmjs.org/tsparticles/-/tsparticles-1.42.4.tgz",
      "integrity": "sha512-tfjh6hZFID+5mIdqIvAvmpGymG5kFIxB2k1fs0SIDemo7iL9qnQyvI3HankxfRtCblcwRoEYj/g5phdIhqY8vA=="
    }
  }
}
